
Microsoft Visual Studio Solution File, Format Version 12.00
# Visual Studio Version 17
VisualStudioVersion = 17.2.32616.157
MinimumVisualStudioVersion = 10.0.40219.1
Project("{FAE04EC0-301F-11D3-BF4B-00C04F79EFBC}") = "Kogtev_Lopushok", "Kogtev_Lopushok.csproj", "{D80EC51B-3074-45A6-A038-F78F50CA67E1}"
EndProject
Global
	GlobalSection(SolutionConfigurationPlatforms) = preSolution
		Debug|Any CPU = Debug|Any CPU
		Release|Any CPU = Release|Any CPU
	EndGlobalSection
	GlobalSection(ProjectConfigurationPlatforms) = postSolution
		{D80EC51B-3074-45A6-A038-F78F50CA67E1}.Debug|Any CPU.ActiveCfg = Debug|Any CPU
		{D80EC51B-3074-45A6-A038-F78F50CA67E1}.Debug|Any CPU.Build.0 = Debug|Any CPU
		{D80EC51B-3074-45A6-A038-F78F50CA67E1}.Release|Any CPU.ActiveCfg = Release|Any CPU
		{D80EC51B-3074-45A6-A038-F78F50CA67E1}.Release|Any CPU.Build.0 = Release|Any CPU
	EndGlobalSection
	GlobalSection(SolutionProperties) = preSolution
		HideSolutionNode = FALSE
	EndGlobalSection
	GlobalSection(ExtensibilityGlobals) = postSolution
		SolutionGuid = {4F835C9A-195C-411C-B965-CB5471184AAA}
	EndGlobalSection
EndGlobal
